
Microsoft Visual Studio Solution File, Format Version 12.00
# Visual Studio Version 16
VisualStudioVersion = 16.0.29609.76
MinimumVisualStudioVersion = 10.0.40219.1
Project("{FAE04EC0-301F-11D3-BF4B-00C04F79EFBC}") = "MyPortal", "MyPortal\MyPortal.csproj", "{DDEF38AF-05FC-439E-A5DA-6438B8F1B97E}"
EndProject
Project("{FAE04EC0-301F-11D3-BF4B-00C04F79EFBC}") = "WeatherAPI", "WeatherAPI\WeatherAPI.csproj", "{233C4B2A-8183-4AB0-9C29-71C9C8461DED}"
EndProject
Global
	GlobalSection(SolutionConfigurationPlatforms) = preSolution
		Debug|Any CPU = Debug|Any CPU
		Release|Any CPU = Release|Any CPU
	EndGlobalSection
	GlobalSection(ProjectConfigurationPlatforms) = postSolution
		{DDEF38AF-05FC-439E-A5DA-6438B8F1B97E}.Debug|Any CPU.ActiveCfg = Debug|Any CPU
		{DDEF38AF-05FC-439E-A5DA-6438B8F1B97E}.Debug|Any CPU.Build.0 = Debug|Any CPU
		{DDEF38AF-05FC-439E-A5DA-6438B8F1B97E}.Release|Any CPU.ActiveCfg = Release|Any CPU
		{DDEF38AF-05FC-439E-A5DA-6438B8F1B97E}.Release|Any CPU.Build.0 = Release|Any CPU
		{233C4B2A-8183-4AB0-9C29-71C9C8461DED}.Debug|Any CPU.ActiveCfg = Debug|Any CPU
		{233C4B2A-8183-4AB0-9C29-71C9C8461DED}.Debug|Any CPU.Build.0 = Debug|Any CPU
		{233C4B2A-8183-4AB0-9C29-71C9C8461DED}.Release|Any CPU.ActiveCfg = Release|Any CPU
		{233C4B2A-8183-4AB0-9C29-71C9C8461DED}.Release|Any CPU.Build.0 = Release|Any CPU
	EndGlobalSection
	GlobalSection(SolutionProperties) = preSolution
		HideSolutionNode = FALSE
	EndGlobalSection
	GlobalSection(ExtensibilityGlobals) = postSolution
		SolutionGuid = {CA2A5EDF-8DD5-435C-910C-981D8745B03D}
	EndGlobalSection
EndGlobal
